
Microsoft Visual Studio Solution File, Format Version 12.00
# Visual Studio Express 2012 for Web
Project("{FAE04EC0-301F-11D3-BF4B-00C04F79EFBC}") = "WebPortal", "WebPorrtal\WebPortal.csproj", "{24AB00BD-34D3-4467-817C-AF372B1C164D}"
EndProject
Project("{FAE04EC0-301F-11D3-BF4B-00C04F79EFBC}") = "WebPortal.Tests", "WebPorrtal.Tests\WebPortal.Tests.csproj", "{F6D01C8E-1793-4CBF-867A-F8CCDE158B48}"
EndProject
Global
	GlobalSection(SolutionConfigurationPlatforms) = preSolution
		Debug|Any CPU = Debug|Any CPU
		Release|Any CPU = Release|Any CPU
	EndGlobalSection
	GlobalSection(ProjectConfigurationPlatforms) = postSolution
		{24AB00BD-34D3-4467-817C-AF372B1C164D}.Debug|Any CPU.ActiveCfg = Debug|Any CPU
		{24AB00BD-34D3-4467-817C-AF372B1C164D}.Debug|Any CPU.Build.0 = Debug|Any CPU
		{24AB00BD-34D3-4467-817C-AF372B1C164D}.Release|Any CPU.ActiveCfg = Release|Any CPU
		{24AB00BD-34D3-4467-817C-AF372B1C164D}.Release|Any CPU.Build.0 = Release|Any CPU
		{F6D01C8E-1793-4CBF-867A-F8CCDE158B48}.Debug|Any CPU.ActiveCfg = Debug|Any CPU
		{F6D01C8E-1793-4CBF-867A-F8CCDE158B48}.Debug|Any CPU.Build.0 = Debug|Any CPU
		{F6D01C8E-1793-4CBF-867A-F8CCDE158B48}.Release|Any CPU.ActiveCfg = Release|Any CPU
		{F6D01C8E-1793-4CBF-867A-F8CCDE158B48}.Release|Any CPU.Build.0 = Release|Any CPU
	EndGlobalSection
	GlobalSection(SolutionProperties) = preSolution
		HideSolutionNode = FALSE
	EndGlobalSection
EndGlobal
